
Microsoft Visual Studio Solution File, Format Version 12.00
# Visual Studio Version 16
VisualStudioVersion = 16.0.31624.102
MinimumVisualStudioVersion = 10.0.40219.1
Project("{FAE04EC0-301F-11D3-BF4B-00C04F79EFBC}") = "ProjectOne", "ProjectOne.csproj", "{6727C37A-8B4C-4C9E-8256-C199D222FC39}"
EndProject
Global
	GlobalSection(SolutionConfigurationPlatforms) = preSolution
		Debug|Any CPU = Debug|Any CPU
		Release|Any CPU = Release|Any CPU
	EndGlobalSection
	GlobalSection(ProjectConfigurationPlatforms) = postSolution
		{6727C37A-8B4C-4C9E-8256-C199D222FC39}.Debug|Any CPU.ActiveCfg = Debug|Any CPU
		{6727C37A-8B4C-4C9E-8256-C199D222FC39}.Debug|Any CPU.Build.0 = Debug|Any CPU
		{6727C37A-8B4C-4C9E-8256-C199D222FC39}.Release|Any CPU.ActiveCfg = Release|Any CPU
		{6727C37A-8B4C-4C9E-8256-C199D222FC39}.Release|Any CPU.Build.0 = Release|Any CPU
	EndGlobalSection
	GlobalSection(SolutionProperties) = preSolution
		HideSolutionNode = FALSE
	EndGlobalSection
	GlobalSection(ExtensibilityGlobals) = postSolution
		SolutionGuid = {E792BBFE-CECA-4149-A7BF-495F36A8A920}
	EndGlobalSection
EndGlobal
